// !$*UTF8*$!
{
	archiveVersion = 1;
	classes = {
	};
	objectVersion = 46;
	objects = {

/* Begin PBXBuildFile section */
		3F4446EC1CFE69D100A54537 /* AppDelegate.swift in Sources */ = {isa = PBXBuildFile; fileRef = 3F4446EB1CFE69D100A54537 /* AppDelegate.swift */; };
		3F4446EE1CFE69D100A54537 /* MasterViewController.swift in Sources */ = {isa = PBXBuildFile; fileRef = 3F4446ED1CFE69D100A54537 /* MasterViewController.swift */; };
		3F4446F01CFE69D100A54537 /* DetailViewController.swift in Sources */ = {isa = PBXBuildFile; fileRef = 3F4446EF1CFE69D100A54537 /* DetailViewController.swift */; };
		3F4446F31CFE69D100A54537 /* Main.storyboard in Resources */ = {isa = PBXBuildFile; fileRef = 3F4446F11CFE69D100A54537 /* Main.storyboard */; };
		3F4446F51CFE69D100A54537 /* Assets.xcassets in Resources */ = {isa = PBXBuildFile; fileRef = 3F4446F41CFE69D100A54537 /* Assets.xcassets */; };
		3F4446F81CFE69D100A54537 /* LaunchScreen.storyboard in Resources */ = {isa = PBXBuildFile; fileRef = 3F4446F61CFE69D100A54537 /* LaunchScreen.storyboard */; };
		3F4447041D01114A00A54537 /* FTWCache.m in Sources */ = {isa = PBXBuildFile; fileRef = 3F4447011D01114A00A54537 /* FTWCache.m */; };
		3F4447051D01114A00A54537 /* UIImageView+Network.m in Sources */ = {isa = PBXBuildFile; fileRef = 3F4447031D01114A00A54537 /* UIImageView+Network.m */; };
/* End PBXBuildFile section */

/* Begin PBXFileReference section */
		3F4446E81CFE69D100A54537 /* BasketballVODS.app */ = {isa = PBXFileReference; explicitFileType = wrapper.application; includeInIndex = 0; path = BasketballVODS.app; sourceTree = BUILT_PRODUCTS_DIR; };
		3F4446EB1CFE69D100A54537 /* AppDelegate.swift */ = {isa = PBXFileReference; lastKnownFileType = sourcecode.swift; path = AppDelegate.swift; sourceTree = "<group>"; };
		3F4446ED1CFE69D100A54537 /* MasterViewController.swift */ = {isa = PBXFileReference; lastKnownFileType = sourcecode.swift; path = MasterViewController.swift; sourceTree = "<group>"; };
		3F4446EF1CFE69D100A54537 /* DetailViewController.swift */ = {isa = PBXFileReference; lastKnownFileType = sourcecode.swift; path = DetailViewController.swift; sourceTree = "<group>"; };
		3F4446F21CFE69D100A54537 /* Base */ = {isa = PBXFileReference; lastKnownFileType = file.storyboard; name = Base; path = Base.lproj/Main.storyboard; sourceTree = "<group>"; };
		3F4446F41CFE69D100A54537 /* Assets.xcassets */ = {isa = PBXFileReference; lastKnownFileType = folder.assetcatalog; path = Assets.xcassets; sourceTree = "<group>"; };
		3F4446F71CFE69D100A54537 /* Base */ = {isa = PBXFileReference; lastKnownFileType = file.storyboard; name = Base; path = Base.lproj/LaunchScreen.storyboard; sourceTree = "<group>"; };
		3F4446F91CFE69D100A54537 /* Info.plist */ = {isa = PBXFileReference; lastKnownFileType = text.plist.xml; path = Info.plist; sourceTree = "<group>"; };
		3F4446FF1D01114900A54537 /* BasketballVODS-Bridging-Header.h */ = {isa = PBXFileReference; lastKnownFileType = sourcecode.c.h; path = "BasketballVODS-Bridging-Header.h"; sourceTree = "<group>"; };
		3F4447001D01114A00A54537 /* FTWCache.h */ = {isa = PBXFileReference; fileEncoding = 4; lastKnownFileType = sourcecode.c.h; path = FTWCache.h; sourceTree = "<group>"; };
		3F4447011D01114A00A54537 /* FTWCache.m */ = {isa = PBXFileReference; fileEncoding = 4; lastKnownFileType = sourcecode.c.objc; path = FTWCache.m; sourceTree = "<group>"; };
		3F4447021D01114A00A54537 /* UIImageView+Network.h */ = {isa = PBXFileReference; fileEncoding = 4; lastKnownFileType = sourcecode.c.h; path = "UIImageView+Network.h"; sourceTree = "<group>"; };
		3F4447031D01114A00A54537 /* UIImageView+Network.m */ = {isa = PBXFileReference; fileEncoding = 4; lastKnownFileType = sourcecode.c.objc; path = "UIImageView+Network.m"; sourceTree = "<group>"; };
/* End PBXFileReference section */

/* Begin PBXFrameworksBuildPhase section */
		3F4446E51CFE69D100A54537 /* Frameworks */ = {
			isa = PBXFrameworksBuildPhase;
			buildActionMask = 2147483647;
			files = (
			);
			runOnlyForDeploymentPostprocessing = 0;
		};
/* End PBXFrameworksBuildPhase section */

/* Begin PBXGroup section */
		3F4446DF1CFE69D100A54537 = {
			isa = PBXGroup;
			children = (
				3F4446EA1CFE69D100A54537 /* BasketballVODS */,
				3F4446E91CFE69D100A54537 /* Products */,
			);
			sourceTree = "<group>";
		};
		3F4446E91CFE69D100A54537 /* Products */ = {
			isa = PBXGroup;
			children = (
				3F4446E81CFE69D100A54537 /* BasketballVODS.app */,
			);
			name = Products;
			sourceTree = "<group>";
		};
		3F4446EA1CFE69D100A54537 /* BasketballVODS */ = {
			isa = PBXGroup;
			children = (
				3F4446EB1CFE69D100A54537 /* AppDelegate.swift */,
				3F4446ED1CFE69D100A54537 /* MasterViewController.swift */,
				3F4446EF1CFE69D100A54537 /* DetailViewController.swift */,
				3F4446F11CFE69D100A54537 /* Main.storyboard */,
				3F4447001D01114A00A54537 /* FTWCache.h */,
				3F4447011D01114A00A54537 /* FTWCache.m */,
				3F4447021D01114A00A54537 /* UIImageView+Network.h */,
				3F4447031D01114A00A54537 /* UIImageView+Network.m */,
				3F4446F41CFE69D100A54537 /* Assets.xcassets */,
				3F4446F61CFE69D100A54537 /* LaunchScreen.storyboard */,
				3F4446F91CFE69D100A54537 /* Info.plist */,
				3F4446FF1D01114900A54537 /* BasketballVODS-Bridging-Header.h */,
			);
			path = BasketballVODS;
			sourceTree = "<group>";
		};
/* End PBXGroup section */

/* Begin PBXNativeTarget section */
		3F4446E71CFE69D100A54537 /* BasketballVODS */ = {
			isa = PBXNativeTarget;
			buildConfigurationList = 3F4446FC1CFE69D100A54537 /* Build configuration list for PBXNativeTarget "BasketballVODS" */;
			buildPhases = (
				3F4446E41CFE69D100A54537 /* Sources */,
				3F4446E51CFE69D100A54537 /* Frameworks */,
				3F4446E61CFE69D100A54537 /* Resources */,
			);
			buildRules = (
			);
			dependencies = (
			);
			name = BasketballVODS;
			productName = BasketballVODS;
			productReference = 3F4446E81CFE69D100A54537 /* BasketballVODS.app */;
			productType = "com.apple.product-type.application";
		};
/* End PBXNativeTarget section */

/* Begin PBXProject section */
		3F4446E01CFE69D100A54537 /* Project object */ = {
			isa = PBXProject;
			attributes = {
				LastSwiftUpdateCheck = 0730;
				LastUpgradeCheck = 0730;
				ORGANIZATIONNAME = student;
				TargetAttributes = {
					3F4446E71CFE69D100A54537 = {
						CreatedOnToolsVersion = 7.3.1;
					};
				};
			};
			buildConfigurationList = 3F4446E31CFE69D100A54537 /* Build configuration list for PBXProject "BasketballVODS" */;
			compatibilityVersion = "Xcode 3.2";
			developmentRegion = English;
			hasScannedForEncodings = 0;
			knownRegions = (
				en,
				Base,
			);
			mainGroup = 3F4446DF1CFE69D100A54537;
			productRefGroup = 3F4446E91CFE69D100A54537 /* Products */;
			projectDirPath = "";
			projectRoot = "";
			targets = (
				3F4446E71CFE69D100A54537 /* BasketballVODS */,
			);
		};
/* End PBXProject section */

/* Begin PBXResourcesBuildPhase section */
		3F4446E61CFE69D100A54537 /* Resources */ = {
			isa = PBXResourcesBuildPhase;
			buildActionMask = 2147483647;
			files = (
				3F4446F81CFE69D100A54537 /* LaunchScreen.storyboard in Resources */,
				3F4446F51CFE69D100A54537 /* Assets.xcassets in Resources */,
				3F4446F31CFE69D100A54537 /* Main.storyboard in Resources */,
			);
			runOnlyForDeploymentPostprocessing = 0;
		};
/* End PBXResourcesBuildPhase section */

/* Begin PBXSourcesBuildPhase section */
		3F4446E41CFE69D100A54537 /* Sources */ = {
			isa = PBXSourcesBuildPhase;
			buildActionMask = 2147483647;
			files = (
				3F4446F01CFE69D100A54537 /* DetailViewController.swift in Sources */,
				3F4446EE1CFE69D100A54537 /* MasterViewController.swift in Sources */,
				3F4447041D01114A00A54537 /* FTWCache.m in Sources */,
				3F4446EC1CFE69D100A54537 /* AppDelegate.swift in Sources */,
				3F4447051D01114A00A54537 /* UIImageView+Network.m in Sources */,
			);
			runOnlyForDeploymentPostprocessing = 0;
		};
/* End PBXSourcesBuildPhase section */

/* Begin PBXVariantGroup section */
		3F4446F11CFE69D100A54537 /* Main.storyboard */ = {
			isa = PBXVariantGroup;
			children = (
				3F4446F21CFE69D100A54537 /* Base */,
			);
			name = Main.storyboard;
			sourceTree = "<group>";
		};
		3F4446F61CFE69D100A54537 /* LaunchScreen.storyboard */ = {
			isa = PBXVariantGroup;
			children = (
				3F4446F71CFE69D100A54537 /* Base */,
			);
			name = LaunchScreen.storyboard;
			sourceTree = "<group>";
		};
/* End PBXVariantGroup section */

/* Begin XCBuildConfiguration section */
		3F4446FA1CFE69D100A54537 /* Debug */ = {
			isa = XCBuildConfiguration;
			buildSettings = {
				ALWAYS_SEARCH_USER_PATHS = NO;
				CLANG_ANALYZER_NONNULL = YES;
				CLANG_CXX_LANGUAGE_STANDARD = "gnu++0x";
				CLANG_CXX_LIBRARY = "libc++";
				CLANG_ENABLE_MODULES = YES;
				CLANG_ENABLE_OBJC_ARC = YES;
				CLANG_WARN_BOOL_CONVERSION = YES;
				CLANG_WARN_CONSTANT_CONVERSION = YES;
				CLANG_WARN_DIRECT_OBJC_ISA_USAGE = YES_ERROR;
				CLANG_WARN_EMPTY_BODY = YES;
				CLANG_WARN_ENUM_CONVERSION = YES;
				CLANG_WARN_INT_CONVERSION = YES;
				CLANG_WARN_OBJC_ROOT_CLASS = YES_ERROR;
				CLANG_WARN_UNREACHABLE_CODE = YES;
				CLANG_WARN__DUPLICATE_METHOD_MATCH = YES;
				"CODE_SIGN_IDENTITY[sdk=iphoneos*]" = "iPhone Developer";
				COPY_PHASE_STRIP = NO;
				DEBUG_INFORMATION_FORMAT = dwarf;
				ENABLE_STRICT_OBJC_MSGSEND = YES;
				ENABLE_TESTABILITY = YES;
				GCC_C_LANGUAGE_STANDARD = gnu99;
				GCC_DYNAMIC_NO_PIC = NO;
				GCC_NO_COMMON_BLOCKS = YES;
				GCC_OPTIMIZATION_LEVEL = 0;
				GCC_PREPROCESSOR_DEFINITIONS = (
					"DEBUG=1",
					"$(inherited)",
				);
				GCC_WARN_64_TO_32_BIT_CONVERSION = YES;
				GCC_WARN_ABOUT_RETURN_TYPE = YES_ERROR;
				GCC_WARN_UNDECLARED_SELECTOR = YES;
				GCC_WARN_UNINITIALIZED_AUTOS = YES_AGGRESSIVE;
				GCC_WARN_UNUSED_FUNCTION = YES;
				GCC_WARN_UNUSED_VARIABLE = YES;
				IPHONEOS_DEPLOYMENT_TARGET = 9.3;
				MTL_ENABLE_DEBUG_INFO = YES;
				ONLY_ACTIVE_ARCH = YES;
				SDKROOT = iphoneos;
				SWIFT_OPTIMIZATION_LEVEL = "-Onone";
				TARGETED_DEVICE_FAMILY = "1,2";
			};
			name = Debug;
		};
		3F4446FB1CFE69D100A54537 /* Release */ = {
			isa = XCBuildConfiguration;
			buildSettings = {
				ALWAYS_SEARCH_USER_PATHS = NO;
				CLANG_ANALYZER_NONNULL = YES;
				CLANG_CXX_LANGUAGE_STANDARD = "gnu++0x";
				CLANG_CXX_LIBRARY = "libc++";
				CLANG_ENABLE_MODULES = YES;
				CLANG_ENABLE_OBJC_ARC = YES;
				CLANG_WARN_BOOL_CONVERSION = YES;
				CLANG_WARN_CONSTANT_CONVERSION = YES;
				CLANG_WARN_DIRECT_OBJC_ISA_USAGE = YES_ERROR;
				CLANG_WARN_EMPTY_BODY = YES;
				CLANG_WARN_ENUM_CONVERSION = YES;
				CLANG_WARN_INT_CONVERSION = YES;
				CLANG_WARN_OBJC_ROOT_CLASS = YES_ERROR;
				CLANG_WARN_UNREACHABLE_CODE = YES;
				CLANG_WARN__DUPLICATE_METHOD_MATCH = YES;
				"CODE_SIGN_IDENTITY[sdk=iphoneos*]" = "iPhone Developer";
				COPY_PHASE_STRIP = NO;
				DEBUG_INFORMATION_FORMAT = "dwarf-with-dsym";
				ENABLE_NS_ASSERTIONS = NO;
				ENABLE_STRICT_OBJC_MSGSEND = YES;
				GCC_C_LANGUAGE_STANDARD = gnu99;
				GCC_NO_COMMON_BLOCKS = YES;
				GCC_WARN_64_TO_32_BIT_CONVERSION = YES;
				GCC_WARN_ABOUT_RETURN_TYPE = YES_ERROR;
				GCC_WARN_UNDECLARED_SELECTOR = YES;
				GCC_WARN_UNINITIALIZED_AUTOS = YES_AGGRESSIVE;
				GCC_WARN_UNUSED_FUNCTION = YES;
				GCC_WARN_UNUSED_VARIABLE = YES;
				IPHONEOS_DEPLOYMENT_TARGET = 9.3;
				MTL_ENABLE_DEBUG_INFO = NO;
				SDKROOT = iphoneos;
				TARGETED_DEVICE_FAMILY = "1,2";
				VALIDATE_PRODUCT = YES;
			};
			name = Release;
		};
		3F4446FD1CFE69D100A54537 /* Debug */ = {
			isa = XCBuildConfiguration;
			buildSettings = {
				ASSETCATALOG_COMPILER_APPICON_NAME = AppIcon;
				CLANG_ENABLE_MODULES = YES;
				DEFINES_MODULE = YES;
				ENABLE_BITCODE = YES;
				INFOPLIST_FILE = BasketballVODS/Info.plist;
				LD_RUNPATH_SEARCH_PATHS = "$(inherited) @executable_path/Frameworks";
				PRODUCT_BUNDLE_IDENTIFIER = edu.gvsu.cis.BasketballVODS;
				PRODUCT_NAME = "$(TARGET_NAME)";
				SWIFT_OBJC_BRIDGING_HEADER = "BasketballVODS/BasketballVODS-Bridging-Header.h";
				SWIFT_OPTIMIZATION_LEVEL = "-Onone";
			};
			name = Debug;
		};
		3F4446FE1CFE69D100A54537 /* Release */ = {
			isa = XCBuildConfiguration;
			buildSettings = {
				ASSETCATALOG_COMPILER_APPICON_NAME = AppIcon;
				CLANG_ENABLE_MODULES = YES;
				DEFINES_MODULE = YES;
				ENABLE_BITCODE = YES;
				INFOPLIST_FILE = BasketballVODS/Info.plist;
				LD_RUNPATH_SEARCH_PATHS = "$(inherited) @executable_path/Frameworks";
				PRODUCT_BUNDLE_IDENTIFIER = edu.gvsu.cis.BasketballVODS;
				PRODUCT_NAME = "$(TARGET_NAME)";
				SWIFT_OBJC_BRIDGING_HEADER = "BasketballVODS/BasketballVODS-Bridging-Header.h";
			};
			name = Release;
		};
/* End XCBuildConfiguration section */

/* Begin XCConfigurationList section */
		3F4446E31CFE69D100A54537 /* Build configuration list for PBXProject "BasketballVODS" */ = {
			isa = XCConfigurationList;
			buildConfigurations = (
				3F4446FA1CFE69D100A54537 /* Debug */,
				3F4446FB1CFE69D100A54537 /* Release */,
			);
			defaultConfigurationIsVisible = 0;
			defaultConfigurationName = Release;
		};
		3F4446FC1CFE69D100A54537 /* Build configuration list for PBXNativeTarget "BasketballVODS" */ = {
			isa = XCConfigurationList;
			buildConfigurations = (
				3F4446FD1CFE69D100A54537 /* Debug */,
				3F4446FE1CFE69D100A54537 /* Release */,
			);
			defaultConfigurationIsVisible = 0;
		};
/* End XCConfigurationList section */
	};
	rootObject = 3F4446E01CFE69D100A54537 /* Project object */;
}
